
Microsoft Visual Studio Solution File, Format Version 12.00
# Visual Studio Version 17
VisualStudioVersion = 17.3.32929.385
MinimumVisualStudioVersion = 10.0.40219.1
Project("{2150E333-8FDC-42A3-9474-1A3956D46DE8}") = "src", "src", "{E195CF3F-5318-4B05-BA9A-2E492C551F71}"
EndProject
Project("{2150E333-8FDC-42A3-9474-1A3956D46DE8}") = "Solution Items", "Solution Items", "{DC12C279-797B-4F87-9135-E137F1D874DA}"
	ProjectSection(SolutionItems) = preProject
		ServiceUrls.txt = ServiceUrls.txt
	EndProjectSection
EndProject
Project("{2150E333-8FDC-42A3-9474-1A3956D46DE8}") = "ApiGateways", "ApiGateways", "{F121DE38-C6DB-4CFC-9003-2319E924969C}"
EndProject
Project("{2150E333-8FDC-42A3-9474-1A3956D46DE8}") = "BuildingBlocks", "BuildingBlocks", "{CBBA5BEE-14EF-42D2-B810-4EF64CC7AC94}"
EndProject
Project("{2150E333-8FDC-42A3-9474-1A3956D46DE8}") = "Services", "Services", "{77C6BBA3-E5FB-4AC4-98B1-5DB8F5415761}"
EndProject
Project("{2150E333-8FDC-42A3-9474-1A3956D46DE8}") = "Clients", "Clients", "{D1D206D3-F8C0-4FF4-86EE-F3AB20BB6A74}"
EndProject
Project("{9A19103F-16F7-4668-BE54-9A1E7A4F7556}") = "Web.ApiGateway", "src\ApiGateways\WebApiGateway\Web.ApiGateway\Web.ApiGateway.csproj", "{77E01128-D859-48EC-9AEF-05D77ACC609A}"
EndProject
Project("{2150E333-8FDC-42A3-9474-1A3956D46DE8}") = "EventBus", "EventBus", "{0058B14C-185C-44CE-995D-298C41C61085}"
EndProject
Project("{9A19103F-16F7-4668-BE54-9A1E7A4F7556}") = "EventBus.Base", "src\BuildingBlocks\EventBus\EventBus.Base\EventBus.Base.csproj", "{DE341B6F-BCDC-419F-96C9-FF30216ABCF6}"
EndProject
Project("{9A19103F-16F7-4668-BE54-9A1E7A4F7556}") = "EventBus.Factory", "src\BuildingBlocks\EventBus\EventBus.Factory\EventBus.Factory.csproj", "{7400DDE6-E836-4731-B988-15B332710BA0}"
EndProject
Project("{9A19103F-16F7-4668-BE54-9A1E7A4F7556}") = "EventBus.AzureServiceBus", "src\BuildingBlocks\EventBus\EventBus.AzureServiceBus\EventBus.AzureServiceBus.csproj", "{FFB0F6C2-9583-4990-90A6-B8E5E972334E}"
EndProject
Project("{9A19103F-16F7-4668-BE54-9A1E7A4F7556}") = "EventBus.RabbitMQ", "src\BuildingBlocks\EventBus\EventBus.RabbitMQ\EventBus.RabbitMQ.csproj", "{EB8AE2F4-C323-4B3E-9D14-D1733D0617B6}"
EndProject
Project("{2150E333-8FDC-42A3-9474-1A3956D46DE8}") = "BlazorWebApp", "BlazorWebApp", "{E2005527-6D5B-4AEA-9308-A5C0B22C52F6}"
EndProject
Project("{9A19103F-16F7-4668-BE54-9A1E7A4F7556}") = "WebApp", "src\Clients\BlazorWebApp\WebApp\WebApp.csproj", "{810DEA36-DD41-408F-9906-704BA8AF15DF}"
EndProject
Project("{2150E333-8FDC-42A3-9474-1A3956D46DE8}") = "BasketService", "BasketService", "{CF3E3891-A01C-43CB-B3A2-751BDC667C9E}"
EndProject
Project("{9A19103F-16F7-4668-BE54-9A1E7A4F7556}") = "BasketService.Api", "src\Services\BasketService\BasketService.Api\BasketService.Api.csproj", "{7DD58087-AF1E-41FF-8877-EB3A6051C6DF}"
EndProject
Project("{2150E333-8FDC-42A3-9474-1A3956D46DE8}") = "CatalogService", "CatalogService", "{77A8E0F2-DF13-4FE9-B676-9C170E65E6EB}"
EndProject
Project("{9A19103F-16F7-4668-BE54-9A1E7A4F7556}") = "CatalogService.Api", "src\Services\CatalogService\CatalogService.Api\CatalogService.Api.csproj", "{35E13317-4822-4EBD-8DE2-DF4D2FC70183}"
EndProject
Project("{2150E333-8FDC-42A3-9474-1A3956D46DE8}") = "IdentityService", "IdentityService", "{8F7781EE-2D5A-46FF-A954-E12C5353714C}"
EndProject
Project("{9A19103F-16F7-4668-BE54-9A1E7A4F7556}") = "IdentityService.Api", "src\Services\IdentityService\IdentityService.Api\IdentityService.Api.csproj", "{5A22345C-8620-4BBA-90A6-40F1DFBEB6FA}"
EndProject
Project("{2150E333-8FDC-42A3-9474-1A3956D46DE8}") = "NotificationService", "NotificationService", "{F5B6E223-B632-45E1-B6AB-761ECDFDBB98}"
EndProject
Project("{FAE04EC0-301F-11D3-BF4B-00C04F79EFBC}") = "NotificationService", "src\Services\NotificationService\NotificationService\NotificationService.csproj", "{73FBEBB1-819A-405E-88B9-6001BF2D81AE}"
EndProject
Project("{2150E333-8FDC-42A3-9474-1A3956D46DE8}") = "OrderService", "OrderService", "{36497263-AACF-4205-B112-DB7C02A8B8C3}"
EndProject
Project("{FAE04EC0-301F-11D3-BF4B-00C04F79EFBC}") = "OrderService.Domain", "src\Services\OrderService\OrderService.Domain\OrderService.Domain.csproj", "{0F8C179D-B4A8-43C1-B052-BD86FA8C56AC}"
EndProject
Project("{FAE04EC0-301F-11D3-BF4B-00C04F79EFBC}") = "OrderService.Application", "src\Services\OrderService\OrderService.Application\OrderService.Application.csproj", "{E81FB54B-F4D9-48C4-941C-4ED44A101CA7}"
EndProject
Project("{FAE04EC0-301F-11D3-BF4B-00C04F79EFBC}") = "OrderService.Infrastructure", "src\Services\OrderService\OrderService.Infrastructure\OrderService.Infrastructure.csproj", "{F0B5F391-61F4-44DD-9EA7-5137EF6B9B05}"
EndProject
Project("{FAE04EC0-301F-11D3-BF4B-00C04F79EFBC}") = "OrderService.Api", "src\Services\OrderService\OrderService.Api\OrderService.Api.csproj", "{93C45A5A-05F7-4375-AEE6-26E61715F8FB}"
EndProject
Project("{2150E333-8FDC-42A3-9474-1A3956D46DE8}") = "PaymentService", "PaymentService", "{C499F9AE-8E00-4FFF-BBA3-3B0F7186D086}"
EndProject
Project("{FAE04EC0-301F-11D3-BF4B-00C04F79EFBC}") = "PaymentService.Api", "src\Services\PaymentService\PaymentService.Api\PaymentService.Api.csproj", "{F45E0D97-BABC-4CA2-9190-C82625AE6E3B}"
EndProject
Global
	GlobalSection(SolutionConfigurationPlatforms) = preSolution
		Debug|Any CPU = Debug|Any CPU
		Release|Any CPU = Release|Any CPU
	EndGlobalSection
	GlobalSection(ProjectConfigurationPlatforms) = postSolution
		{77E01128-D859-48EC-9AEF-05D77ACC609A}.Debug|Any CPU.ActiveCfg = Debug|Any CPU
		{77E01128-D859-48EC-9AEF-05D77ACC609A}.Debug|Any CPU.Build.0 = Debug|Any CPU
		{77E01128-D859-48EC-9AEF-05D77ACC609A}.Release|Any CPU.ActiveCfg = Release|Any CPU
		{77E01128-D859-48EC-9AEF-05D77ACC609A}.Release|Any CPU.Build.0 = Release|Any CPU
		{DE341B6F-BCDC-419F-96C9-FF30216ABCF6}.Debug|Any CPU.ActiveCfg = Debug|Any CPU
		{DE341B6F-BCDC-419F-96C9-FF30216ABCF6}.Debug|Any CPU.Build.0 = Debug|Any CPU
		{DE341B6F-BCDC-419F-96C9-FF30216ABCF6}.Release|Any CPU.ActiveCfg = Release|Any CPU
		{DE341B6F-BCDC-419F-96C9-FF30216ABCF6}.Release|Any CPU.Build.0 = Release|Any CPU
		{7400DDE6-E836-4731-B988-15B332710BA0}.Debug|Any CPU.ActiveCfg = Debug|Any CPU
		{7400DDE6-E836-4731-B988-15B332710BA0}.Debug|Any CPU.Build.0 = Debug|Any CPU
		{7400DDE6-E836-4731-B988-15B332710BA0}.Release|Any CPU.ActiveCfg = Release|Any CPU
		{7400DDE6-E836-4731-B988-15B332710BA0}.Release|Any CPU.Build.0 = Release|Any CPU
		{FFB0F6C2-9583-4990-90A6-B8E5E972334E}.Debug|Any CPU.ActiveCfg = Debug|Any CPU
		{FFB0F6C2-9583-4990-90A6-B8E5E972334E}.Debug|Any CPU.Build.0 = Debug|Any CPU
		{FFB0F6C2-9583-4990-90A6-B8E5E972334E}.Release|Any CPU.ActiveCfg = Release|Any CPU
		{FFB0F6C2-9583-4990-90A6-B8E5E972334E}.Release|Any CPU.Build.0 = Release|Any CPU
		{EB8AE2F4-C323-4B3E-9D14-D1733D0617B6}.Debug|Any CPU.ActiveCfg = Debug|Any CPU
		{EB8AE2F4-C323-4B3E-9D14-D1733D0617B6}.Debug|Any CPU.Build.0 = Debug|Any CPU
		{EB8AE2F4-C323-4B3E-9D14-D1733D0617B6}.Release|Any CPU.ActiveCfg = Release|Any CPU
		{EB8AE2F4-C323-4B3E-9D14-D1733D0617B6}.Release|Any CPU.Build.0 = Release|Any CPU
		{810DEA36-DD41-408F-9906-704BA8AF15DF}.Debug|Any CPU.ActiveCfg = Debug|Any CPU
		{810DEA36-DD41-408F-9906-704BA8AF15DF}.Debug|Any CPU.Build.0 = Debug|Any CPU
		{810DEA36-DD41-408F-9906-704BA8AF15DF}.Release|Any CPU.ActiveCfg = Release|Any CPU
		{810DEA36-DD41-408F-9906-704BA8AF15DF}.Release|Any CPU.Build.0 = Release|Any CPU
		{7DD58087-AF1E-41FF-8877-EB3A6051C6DF}.Debug|Any CPU.ActiveCfg = Debug|Any CPU
		{7DD58087-AF1E-41FF-8877-EB3A6051C6DF}.Debug|Any CPU.Build.0 = Debug|Any CPU
		{7DD58087-AF1E-41FF-8877-EB3A6051C6DF}.Release|Any CPU.ActiveCfg = Release|Any CPU
		{7DD58087-AF1E-41FF-8877-EB3A6051C6DF}.Release|Any CPU.Build.0 = Release|Any CPU
		{35E13317-4822-4EBD-8DE2-DF4D2FC70183}.Debug|Any CPU.ActiveCfg = Debug|Any CPU
		{35E13317-4822-4EBD-8DE2-DF4D2FC70183}.Debug|Any CPU.Build.0 = Debug|Any CPU
		{35E13317-4822-4EBD-8DE2-DF4D2FC70183}.Release|Any CPU.ActiveCfg = Release|Any CPU
		{35E13317-4822-4EBD-8DE2-DF4D2FC70183}.Release|Any CPU.Build.0 = Release|Any CPU
		{5A22345C-8620-4BBA-90A6-40F1DFBEB6FA}.Debug|Any CPU.ActiveCfg = Debug|Any CPU
		{5A22345C-8620-4BBA-90A6-40F1DFBEB6FA}.Debug|Any CPU.Build.0 = Debug|Any CPU
		{5A22345C-8620-4BBA-90A6-40F1DFBEB6FA}.Release|Any CPU.ActiveCfg = Release|Any CPU
		{5A22345C-8620-4BBA-90A6-40F1DFBEB6FA}.Release|Any CPU.Build.0 = Release|Any CPU
		{73FBEBB1-819A-405E-88B9-6001BF2D81AE}.Debug|Any CPU.ActiveCfg = Debug|Any CPU
		{73FBEBB1-819A-405E-88B9-6001BF2D81AE}.Debug|Any CPU.Build.0 = Debug|Any CPU
		{73FBEBB1-819A-405E-88B9-6001BF2D81AE}.Release|Any CPU.ActiveCfg = Release|Any CPU
		{73FBEBB1-819A-405E-88B9-6001BF2D81AE}.Release|Any CPU.Build.0 = Release|Any CPU
		{0F8C179D-B4A8-43C1-B052-BD86FA8C56AC}.Debug|Any CPU.ActiveCfg = Debug|Any CPU
		{0F8C179D-B4A8-43C1-B052-BD86FA8C56AC}.Debug|Any CPU.Build.0 = Debug|Any CPU
		{0F8C179D-B4A8-43C1-B052-BD86FA8C56AC}.Release|Any CPU.ActiveCfg = Release|Any CPU
		{0F8C179D-B4A8-43C1-B052-BD86FA8C56AC}.Release|Any CPU.Build.0 = Release|Any CPU
		{E81FB54B-F4D9-48C4-941C-4ED44A101CA7}.Debug|Any CPU.ActiveCfg = Debug|Any CPU
		{E81FB54B-F4D9-48C4-941C-4ED44A101CA7}.Debug|Any CPU.Build.0 = Debug|Any CPU
		{E81FB54B-F4D9-48C4-941C-4ED44A101CA7}.Release|Any CPU.ActiveCfg = Release|Any CPU
		{E81FB54B-F4D9-48C4-941C-4ED44A101CA7}.Release|Any CPU.Build.0 = Release|Any CPU
		{F0B5F391-61F4-44DD-9EA7-5137EF6B9B05}.Debug|Any CPU.ActiveCfg = Debug|Any CPU
		{F0B5F391-61F4-44DD-9EA7-5137EF6B9B05}.Debug|Any CPU.Build.0 = Debug|Any CPU
		{F0B5F391-61F4-44DD-9EA7-5137EF6B9B05}.Release|Any CPU.ActiveCfg = Release|Any CPU
		{F0B5F391-61F4-44DD-9EA7-5137EF6B9B05}.Release|Any CPU.Build.0 = Release|Any CPU
		{93C45A5A-05F7-4375-AEE6-26E61715F8FB}.Debug|Any CPU.ActiveCfg = Debug|Any CPU
		{93C45A5A-05F7-4375-AEE6-26E61715F8FB}.Debug|Any CPU.Build.0 = Debug|Any CPU
		{93C45A5A-05F7-4375-AEE6-26E61715F8FB}.Release|Any CPU.ActiveCfg = Release|Any CPU
		{93C45A5A-05F7-4375-AEE6-26E61715F8FB}.Release|Any CPU.Build.0 = Release|Any CPU
		{F45E0D97-BABC-4CA2-9190-C82625AE6E3B}.Debug|Any CPU.ActiveCfg = Debug|Any CPU
		{F45E0D97-BABC-4CA2-9190-C82625AE6E3B}.Debug|Any CPU.Build.0 = Debug|Any CPU
		{F45E0D97-BABC-4CA2-9190-C82625AE6E3B}.Release|Any CPU.ActiveCfg = Release|Any CPU
		{F45E0D97-BABC-4CA2-9190-C82625AE6E3B}.Release|Any CPU.Build.0 = Release|Any CPU
	EndGlobalSection
	GlobalSection(SolutionProperties) = preSolution
		HideSolutionNode = FALSE
	EndGlobalSection
	GlobalSection(NestedProjects) = preSolution
		{F121DE38-C6DB-4CFC-9003-2319E924969C} = {E195CF3F-5318-4B05-BA9A-2E492C551F71}
		{CBBA5BEE-14EF-42D2-B810-4EF64CC7AC94} = {E195CF3F-5318-4B05-BA9A-2E492C551F71}
		{77C6BBA3-E5FB-4AC4-98B1-5DB8F5415761} = {E195CF3F-5318-4B05-BA9A-2E492C551F71}
		{D1D206D3-F8C0-4FF4-86EE-F3AB20BB6A74} = {E195CF3F-5318-4B05-BA9A-2E492C551F71}
		{77E01128-D859-48EC-9AEF-05D77ACC609A} = {F121DE38-C6DB-4CFC-9003-2319E924969C}
		{0058B14C-185C-44CE-995D-298C41C61085} = {CBBA5BEE-14EF-42D2-B810-4EF64CC7AC94}
		{DE341B6F-BCDC-419F-96C9-FF30216ABCF6} = {0058B14C-185C-44CE-995D-298C41C61085}
		{7400DDE6-E836-4731-B988-15B332710BA0} = {0058B14C-185C-44CE-995D-298C41C61085}
		{FFB0F6C2-9583-4990-90A6-B8E5E972334E} = {0058B14C-185C-44CE-995D-298C41C61085}
		{EB8AE2F4-C323-4B3E-9D14-D1733D0617B6} = {0058B14C-185C-44CE-995D-298C41C61085}
		{E2005527-6D5B-4AEA-9308-A5C0B22C52F6} = {D1D206D3-F8C0-4FF4-86EE-F3AB20BB6A74}
		{810DEA36-DD41-408F-9906-704BA8AF15DF} = {E2005527-6D5B-4AEA-9308-A5C0B22C52F6}
		{CF3E3891-A01C-43CB-B3A2-751BDC667C9E} = {77C6BBA3-E5FB-4AC4-98B1-5DB8F5415761}
		{7DD58087-AF1E-41FF-8877-EB3A6051C6DF} = {CF3E3891-A01C-43CB-B3A2-751BDC667C9E}
		{77A8E0F2-DF13-4FE9-B676-9C170E65E6EB} = {77C6BBA3-E5FB-4AC4-98B1-5DB8F5415761}
		{35E13317-4822-4EBD-8DE2-DF4D2FC70183} = {77A8E0F2-DF13-4FE9-B676-9C170E65E6EB}
		{8F7781EE-2D5A-46FF-A954-E12C5353714C} = {77C6BBA3-E5FB-4AC4-98B1-5DB8F5415761}
		{5A22345C-8620-4BBA-90A6-40F1DFBEB6FA} = {8F7781EE-2D5A-46FF-A954-E12C5353714C}
		{F5B6E223-B632-45E1-B6AB-761ECDFDBB98} = {77C6BBA3-E5FB-4AC4-98B1-5DB8F5415761}
		{73FBEBB1-819A-405E-88B9-6001BF2D81AE} = {F5B6E223-B632-45E1-B6AB-761ECDFDBB98}
		{36497263-AACF-4205-B112-DB7C02A8B8C3} = {77C6BBA3-E5FB-4AC4-98B1-5DB8F5415761}
		{0F8C179D-B4A8-43C1-B052-BD86FA8C56AC} = {36497263-AACF-4205-B112-DB7C02A8B8C3}
		{E81FB54B-F4D9-48C4-941C-4ED44A101CA7} = {36497263-AACF-4205-B112-DB7C02A8B8C3}
		{F0B5F391-61F4-44DD-9EA7-5137EF6B9B05} = {36497263-AACF-4205-B112-DB7C02A8B8C3}
		{93C45A5A-05F7-4375-AEE6-26E61715F8FB} = {36497263-AACF-4205-B112-DB7C02A8B8C3}
		{C499F9AE-8E00-4FFF-BBA3-3B0F7186D086} = {77C6BBA3-E5FB-4AC4-98B1-5DB8F5415761}
		{F45E0D97-BABC-4CA2-9190-C82625AE6E3B} = {C499F9AE-8E00-4FFF-BBA3-3B0F7186D086}
	EndGlobalSection
	GlobalSection(ExtensibilityGlobals) = postSolution
		SolutionGuid = {014242FC-5B69-43A9-881E-80B47EA5134C}
	EndGlobalSection
EndGlobal
